
Microsoft Visual Studio Solution File, Format Version 12.00
# Visual Studio Version 17
VisualStudioVersion = 17.7.34221.43
MinimumVisualStudioVersion = 10.0.40219.1
Project("{9A19103F-16F7-4668-BE54-9A1E7A4F7556}") = "TheNekoPizzaria", "TheNekoPizzaria\TheNekoPizzaria.csproj", "{CEF903DB-AAE1-49B9-82F5-0D13D2C2D118}"
EndProject
Global
	GlobalSection(SolutionConfigurationPlatforms) = preSolution
		Debug|Any CPU = Debug|Any CPU
		Release|Any CPU = Release|Any CPU
	EndGlobalSection
	GlobalSection(ProjectConfigurationPlatforms) = postSolution
		{CEF903DB-AAE1-49B9-82F5-0D13D2C2D118}.Debug|Any CPU.ActiveCfg = Debug|Any CPU
		{CEF903DB-AAE1-49B9-82F5-0D13D2C2D118}.Debug|Any CPU.Build.0 = Debug|Any CPU
		{CEF903DB-AAE1-49B9-82F5-0D13D2C2D118}.Release|Any CPU.ActiveCfg = Release|Any CPU
		{CEF903DB-AAE1-49B9-82F5-0D13D2C2D118}.Release|Any CPU.Build.0 = Release|Any CPU
	EndGlobalSection
	GlobalSection(SolutionProperties) = preSolution
		HideSolutionNode = FALSE
	EndGlobalSection
	GlobalSection(ExtensibilityGlobals) = postSolution
		SolutionGuid = {8FA0B34C-50C1-4932-B5C0-F418BCFA5462}
	EndGlobalSection
EndGlobal
